
Microsoft Visual Studio Solution File, Format Version 12.00
Project("{FAE04EC0-301F-11D3-BF4B-00C04F79EFBC}") = "WebApp", "WebApp\WebApp.csproj", "{C96EF8D5-6863-487D-B0DC-77AFDD001C01}"
EndProject
Project("{FAE04EC0-301F-11D3-BF4B-00C04F79EFBC}") = "Domain.App", "Domain.App\Domain.App.csproj", "{A6B8F381-1553-4779-95D3-74424417FC1F}"
EndProject
Project("{FAE04EC0-301F-11D3-BF4B-00C04F79EFBC}") = "Domain.Base", "Domain.Base\Domain.Base.csproj", "{9ED76334-6869-4791-B38B-069690208057}"
EndProject
Project("{2150E333-8FDC-42A3-9474-1A3956D46DE8}") = "App", "App", "{3A73B7AB-195C-4218-9FAE-8A947B16D2C9}"
EndProject
Project("{2150E333-8FDC-42A3-9474-1A3956D46DE8}") = "Base", "Base", "{30383E5B-EAD4-4E9D-88CE-AF8D982419FF}"
EndProject
Project("{2150E333-8FDC-42A3-9474-1A3956D46DE8}") = "Contracts", "Contracts", "{1F9E3A69-A658-434F-A8B0-B4570D6D8952}"
EndProject
Project("{FAE04EC0-301F-11D3-BF4B-00C04F79EFBC}") = "Domain.Contracts.Base", "Domain.Contracts.Base\Domain.Contracts.Base.csproj", "{6F5BD632-99DB-4E2F-8120-2B697F0C77B1}"
EndProject
Project("{FAE04EC0-301F-11D3-BF4B-00C04F79EFBC}") = "App.DAL.EF", "App.DAL.EF\App.DAL.EF.csproj", "{5AFAB86C-D1CF-4674-8915-4A760041BB8A}"
EndProject
Global
	GlobalSection(SolutionConfigurationPlatforms) = preSolution
		Debug|Any CPU = Debug|Any CPU
		Release|Any CPU = Release|Any CPU
	EndGlobalSection
	GlobalSection(ProjectConfigurationPlatforms) = postSolution
		{C96EF8D5-6863-487D-B0DC-77AFDD001C01}.Debug|Any CPU.ActiveCfg = Debug|Any CPU
		{C96EF8D5-6863-487D-B0DC-77AFDD001C01}.Debug|Any CPU.Build.0 = Debug|Any CPU
		{C96EF8D5-6863-487D-B0DC-77AFDD001C01}.Release|Any CPU.ActiveCfg = Release|Any CPU
		{C96EF8D5-6863-487D-B0DC-77AFDD001C01}.Release|Any CPU.Build.0 = Release|Any CPU
		{A6B8F381-1553-4779-95D3-74424417FC1F}.Debug|Any CPU.ActiveCfg = Debug|Any CPU
		{A6B8F381-1553-4779-95D3-74424417FC1F}.Debug|Any CPU.Build.0 = Debug|Any CPU
		{A6B8F381-1553-4779-95D3-74424417FC1F}.Release|Any CPU.ActiveCfg = Release|Any CPU
		{A6B8F381-1553-4779-95D3-74424417FC1F}.Release|Any CPU.Build.0 = Release|Any CPU
		{9ED76334-6869-4791-B38B-069690208057}.Debug|Any CPU.ActiveCfg = Debug|Any CPU
		{9ED76334-6869-4791-B38B-069690208057}.Debug|Any CPU.Build.0 = Debug|Any CPU
		{9ED76334-6869-4791-B38B-069690208057}.Release|Any CPU.ActiveCfg = Release|Any CPU
		{9ED76334-6869-4791-B38B-069690208057}.Release|Any CPU.Build.0 = Release|Any CPU
		{6F5BD632-99DB-4E2F-8120-2B697F0C77B1}.Debug|Any CPU.ActiveCfg = Debug|Any CPU
		{6F5BD632-99DB-4E2F-8120-2B697F0C77B1}.Debug|Any CPU.Build.0 = Debug|Any CPU
		{6F5BD632-99DB-4E2F-8120-2B697F0C77B1}.Release|Any CPU.ActiveCfg = Release|Any CPU
		{6F5BD632-99DB-4E2F-8120-2B697F0C77B1}.Release|Any CPU.Build.0 = Release|Any CPU
		{5AFAB86C-D1CF-4674-8915-4A760041BB8A}.Debug|Any CPU.ActiveCfg = Debug|Any CPU
		{5AFAB86C-D1CF-4674-8915-4A760041BB8A}.Debug|Any CPU.Build.0 = Debug|Any CPU
		{5AFAB86C-D1CF-4674-8915-4A760041BB8A}.Release|Any CPU.ActiveCfg = Release|Any CPU
		{5AFAB86C-D1CF-4674-8915-4A760041BB8A}.Release|Any CPU.Build.0 = Release|Any CPU
	EndGlobalSection
	GlobalSection(NestedProjects) = preSolution
		{A6B8F381-1553-4779-95D3-74424417FC1F} = {3A73B7AB-195C-4218-9FAE-8A947B16D2C9}
		{9ED76334-6869-4791-B38B-069690208057} = {30383E5B-EAD4-4E9D-88CE-AF8D982419FF}
		{1F9E3A69-A658-434F-A8B0-B4570D6D8952} = {30383E5B-EAD4-4E9D-88CE-AF8D982419FF}
		{6F5BD632-99DB-4E2F-8120-2B697F0C77B1} = {1F9E3A69-A658-434F-A8B0-B4570D6D8952}
		{5AFAB86C-D1CF-4674-8915-4A760041BB8A} = {3A73B7AB-195C-4218-9FAE-8A947B16D2C9}
	EndGlobalSection
EndGlobal
